
Microsoft Visual Studio Solution File, Format Version 12.00
# Visual Studio Version 17
VisualStudioVersion = 17.4.33403.182
MinimumVisualStudioVersion = 10.0.40219.1
Project("{9A19103F-16F7-4668-BE54-9A1E7A4F7556}") = "BobRfid", "BobRfid\BobRfid.csproj", "{123EB441-29D4-4734-B7F2-C6986C24B84A}"
EndProject
Global
	GlobalSection(SolutionConfigurationPlatforms) = preSolution
		Debug|Any CPU = Debug|Any CPU
		Release|Any CPU = Release|Any CPU
	EndGlobalSection
	GlobalSection(ProjectConfigurationPlatforms) = postSolution
		{123EB441-29D4-4734-B7F2-C6986C24B84A}.Debug|Any CPU.ActiveCfg = Debug|Any CPU
		{123EB441-29D4-4734-B7F2-C6986C24B84A}.Debug|Any CPU.Build.0 = Debug|Any CPU
		{123EB441-29D4-4734-B7F2-C6986C24B84A}.Release|Any CPU.ActiveCfg = Release|Any CPU
		{123EB441-29D4-4734-B7F2-C6986C24B84A}.Release|Any CPU.Build.0 = Release|Any CPU
	EndGlobalSection
	GlobalSection(SolutionProperties) = preSolution
		HideSolutionNode = FALSE
	EndGlobalSection
	GlobalSection(ExtensibilityGlobals) = postSolution
		SolutionGuid = {E0160647-9386-47DF-9911-AE80B0950A86}
	EndGlobalSection
EndGlobal
